
Microsoft Visual Studio Solution File, Format Version 12.00
# Visual Studio 14
VisualStudioVersion = 14.0.25420.1
MinimumVisualStudioVersion = 10.0.40219.1
Project("{FAE04EC0-301F-11D3-BF4B-00C04F79EFBC}") = "RM-e.Model", "RM-e.Model\RM-e.Model.csproj", "{35CAC5CA-87DC-4B67-8F74-620251BE5826}"
EndProject
Project("{FAE04EC0-301F-11D3-BF4B-00C04F79EFBC}") = "RM-e.WebService", "RM-e.WebService\RM-e.WebService.csproj", "{C9AA51F3-6357-424D-9327-72B3EA3D2769}"
EndProject
Project("{FAE04EC0-301F-11D3-BF4B-00C04F79EFBC}") = "RM-e.Web", "RM-e.Web\RM-e.Web.csproj", "{2797A045-D6A3-4808-B444-158E0B74A88E}"
EndProject
Project("{FAE04EC0-301F-11D3-BF4B-00C04F79EFBC}") = "RM-e.Client", "RM-e.Client\RM-e.Client.csproj", "{FC55FB39-E780-42C1-8BEE-8E895B3CB972}"
EndProject
Project("{FAE04EC0-301F-11D3-BF4B-00C04F79EFBC}") = "RM-e.Soap", "RM-e.Soap\RM-e.Soap.csproj", "{AB01BA05-1DAB-4E34-AD1F-39D9C9630AB5}"
EndProject
Global
	GlobalSection(SolutionConfigurationPlatforms) = preSolution
		Debug|Any CPU = Debug|Any CPU
		Release|Any CPU = Release|Any CPU
	EndGlobalSection
	GlobalSection(ProjectConfigurationPlatforms) = postSolution
		{35CAC5CA-87DC-4B67-8F74-620251BE5826}.Debug|Any CPU.ActiveCfg = Debug|Any CPU
		{35CAC5CA-87DC-4B67-8F74-620251BE5826}.Debug|Any CPU.Build.0 = Debug|Any CPU
		{35CAC5CA-87DC-4B67-8F74-620251BE5826}.Release|Any CPU.ActiveCfg = Release|Any CPU
		{35CAC5CA-87DC-4B67-8F74-620251BE5826}.Release|Any CPU.Build.0 = Release|Any CPU
		{C9AA51F3-6357-424D-9327-72B3EA3D2769}.Debug|Any CPU.ActiveCfg = Debug|Any CPU
		{C9AA51F3-6357-424D-9327-72B3EA3D2769}.Debug|Any CPU.Build.0 = Debug|Any CPU
		{C9AA51F3-6357-424D-9327-72B3EA3D2769}.Release|Any CPU.ActiveCfg = Release|Any CPU
		{C9AA51F3-6357-424D-9327-72B3EA3D2769}.Release|Any CPU.Build.0 = Release|Any CPU
		{2797A045-D6A3-4808-B444-158E0B74A88E}.Debug|Any CPU.ActiveCfg = Debug|Any CPU
		{2797A045-D6A3-4808-B444-158E0B74A88E}.Debug|Any CPU.Build.0 = Debug|Any CPU
		{2797A045-D6A3-4808-B444-158E0B74A88E}.Release|Any CPU.ActiveCfg = Release|Any CPU
		{2797A045-D6A3-4808-B444-158E0B74A88E}.Release|Any CPU.Build.0 = Release|Any CPU
		{FC55FB39-E780-42C1-8BEE-8E895B3CB972}.Debug|Any CPU.ActiveCfg = Debug|Any CPU
		{FC55FB39-E780-42C1-8BEE-8E895B3CB972}.Debug|Any CPU.Build.0 = Debug|Any CPU
		{FC55FB39-E780-42C1-8BEE-8E895B3CB972}.Release|Any CPU.ActiveCfg = Release|Any CPU
		{FC55FB39-E780-42C1-8BEE-8E895B3CB972}.Release|Any CPU.Build.0 = Release|Any CPU
		{AB01BA05-1DAB-4E34-AD1F-39D9C9630AB5}.Debug|Any CPU.ActiveCfg = Debug|Any CPU
		{AB01BA05-1DAB-4E34-AD1F-39D9C9630AB5}.Debug|Any CPU.Build.0 = Debug|Any CPU
		{AB01BA05-1DAB-4E34-AD1F-39D9C9630AB5}.Release|Any CPU.ActiveCfg = Release|Any CPU
		{AB01BA05-1DAB-4E34-AD1F-39D9C9630AB5}.Release|Any CPU.Build.0 = Release|Any CPU
	EndGlobalSection
	GlobalSection(SolutionProperties) = preSolution
		HideSolutionNode = FALSE
	EndGlobalSection
EndGlobal
